
Microsoft Visual Studio Solution File, Format Version 12.00
# Visual Studio 15
VisualStudioVersion = 15.0.28307.1062
MinimumVisualStudioVersion = 10.0.40219.1
Project("{FAE04EC0-301F-11D3-BF4B-00C04F79EFBC}") = "Project3", "Project3\Project3.csproj", "{365DC6B2-FEF0-4167-8D0E-5CBFB85E0157}"
EndProject
Global
	GlobalSection(SolutionConfigurationPlatforms) = preSolution
		Debug|Any CPU = Debug|Any CPU
		Release|Any CPU = Release|Any CPU
	EndGlobalSection
	GlobalSection(ProjectConfigurationPlatforms) = postSolution
		{365DC6B2-FEF0-4167-8D0E-5CBFB85E0157}.Debug|Any CPU.ActiveCfg = Debug|Any CPU
		{365DC6B2-FEF0-4167-8D0E-5CBFB85E0157}.Debug|Any CPU.Build.0 = Debug|Any CPU
		{365DC6B2-FEF0-4167-8D0E-5CBFB85E0157}.Release|Any CPU.ActiveCfg = Release|Any CPU
		{365DC6B2-FEF0-4167-8D0E-5CBFB85E0157}.Release|Any CPU.Build.0 = Release|Any CPU
	EndGlobalSection
	GlobalSection(SolutionProperties) = preSolution
		HideSolutionNode = FALSE
	EndGlobalSection
	GlobalSection(ExtensibilityGlobals) = postSolution
		SolutionGuid = {CCBFD511-6338-41C0-8C99-C83E654EDAC1}
	EndGlobalSection
EndGlobal
